// !$*UTF8*$!
{
	archiveVersion = 1;
	classes = {
	};
	objectVersion = 77;
	objects = {

/* Begin PBXBuildFile section */
		D32AC8BD2DAFDA7A0062068B /* Auth in Frameworks */ = {isa = PBXBuildFile; productRef = D32AC8BC2DAFDA7A0062068B /* Auth */; };
		D32AC8BF2DAFDA7A0062068B /* Functions in Frameworks */ = {isa = PBXBuildFile; productRef = D32AC8BE2DAFDA7A0062068B /* Functions */; };
		D32AC8C12DAFDA7A0062068B /* PostgREST in Frameworks */ = {isa = PBXBuildFile; productRef = D32AC8C02DAFDA7A0062068B /* PostgREST */; };
		D32AC8C32DAFDA7A0062068B /* Realtime in Frameworks */ = {isa = PBXBuildFile; productRef = D32AC8C22DAFDA7A0062068B /* Realtime */; };
		D32AC8C52DAFDA7A0062068B /* Storage in Frameworks */ = {isa = PBXBuildFile; productRef = D32AC8C42DAFDA7A0062068B /* Storage */; };
		D32AC8C72DAFDA7A0062068B /* Supabase in Frameworks */ = {isa = PBXBuildFile; productRef = D32AC8C62DAFDA7A0062068B /* Supabase */; };
/* End PBXBuildFile section */

/* Begin PBXContainerItemProxy section */
		D32AC88D2DABC4AC0062068B /* PBXContainerItemProxy */ = {
			isa = PBXContainerItemProxy;
			containerPortal = D32AC8772DABC4AB0062068B /* Project object */;
			proxyType = 1;
			remoteGlobalIDString = D32AC87E2DABC4AB0062068B;
			remoteInfo = RunClub;
		};
		D32AC8972DABC4AC0062068B /* PBXContainerItemProxy */ = {
			isa = PBXContainerItemProxy;
			containerPortal = D32AC8772DABC4AB0062068B /* Project object */;
			proxyType = 1;
			remoteGlobalIDString = D32AC87E2DABC4AB0062068B;
			remoteInfo = RunClub;
		};
/* End PBXContainerItemProxy section */

/* Begin PBXFileReference section */
		D32AC87F2DABC4AB0062068B /* RunClub.app */ = {isa = PBXFileReference; explicitFileType = wrapper.application; includeInIndex = 0; path = RunClub.app; sourceTree = BUILT_PRODUCTS_DIR; };
		D32AC88C2DABC4AC0062068B /* RunClubTests.xctest */ = {isa = PBXFileReference; explicitFileType = wrapper.cfbundle; includeInIndex = 0; path = RunClubTests.xctest; sourceTree = BUILT_PRODUCTS_DIR; };
		D32AC8962DABC4AC0062068B /* RunClubUITests.xctest */ = {isa = PBXFileReference; explicitFileType = wrapper.cfbundle; includeInIndex = 0; path = RunClubUITests.xctest; sourceTree = BUILT_PRODUCTS_DIR; };
/* End PBXFileReference section */

/* Begin PBXFileSystemSynchronizedBuildFileExceptionSet section */
		D32AC8CB2DAFDE4F0062068B /* Exceptions for "RunClub" folder in "RunClub" target */ = {
			isa = PBXFileSystemSynchronizedBuildFileExceptionSet;
			membershipExceptions = (
				Info.plist,
			);
			target = D32AC87E2DABC4AB0062068B /* RunClub */;
		};
/* End PBXFileSystemSynchronizedBuildFileExceptionSet section */

/* Begin PBXFileSystemSynchronizedRootGroup section */
		D32AC8812DABC4AB0062068B /* RunClub */ = {
			isa = PBXFileSystemSynchronizedRootGroup;
			exceptions = (
				D32AC8CB2DAFDE4F0062068B /* Exceptions for "RunClub" folder in "RunClub" target */,
			);
			path = RunClub;
			sourceTree = "<group>";
		};
		D32AC88F2DABC4AC0062068B /* RunClubTests */ = {
			isa = PBXFileSystemSynchronizedRootGroup;
			path = RunClubTests;
			sourceTree = "<group>";
		};
		D32AC8992DABC4AC0062068B /* RunClubUITests */ = {
			isa = PBXFileSystemSynchronizedRootGroup;
			path = RunClubUITests;
			sourceTree = "<group>";
		};
/* End PBXFileSystemSynchronizedRootGroup section */

/* Begin PBXFrameworksBuildPhase section */
		D32AC87C2DABC4AB0062068B /* Frameworks */ = {
			isa = PBXFrameworksBuildPhase;
			buildActionMask = 2147483647;
			files = (
				D32AC8C12DAFDA7A0062068B /* PostgREST in Frameworks */,
				D32AC8BF2DAFDA7A0062068B /* Functions in Frameworks */,
				D32AC8C72DAFDA7A0062068B /* Supabase in Frameworks */,
				D32AC8BD2DAFDA7A0062068B /* Auth in Frameworks */,
				D32AC8C52DAFDA7A0062068B /* Storage in Frameworks */,
				D32AC8C32DAFDA7A0062068B /* Realtime in Frameworks */,
			);
			runOnlyForDeploymentPostprocessing = 0;
		};
		D32AC8892DABC4AC0062068B /* Frameworks */ = {
			isa = PBXFrameworksBuildPhase;
			buildActionMask = 2147483647;
			files = (
			);
			runOnlyForDeploymentPostprocessing = 0;
		};
		D32AC8932DABC4AC0062068B /* Frameworks */ = {
			isa = PBXFrameworksBuildPhase;
			buildActionMask = 2147483647;
			files = (
			);
			runOnlyForDeploymentPostprocessing = 0;
		};
/* End PBXFrameworksBuildPhase section */

/* Begin PBXGroup section */
		D32AC8762DABC4AB0062068B = {
			isa = PBXGroup;
			children = (
				D32AC8812DABC4AB0062068B /* RunClub */,
				D32AC88F2DABC4AC0062068B /* RunClubTests */,
				D32AC8992DABC4AC0062068B /* RunClubUITests */,
				D32AC8802DABC4AB0062068B /* Products */,
			);
			sourceTree = "<group>";
		};
		D32AC8802DABC4AB0062068B /* Products */ = {
			isa = PBXGroup;
			children = (
				D32AC87F2DABC4AB0062068B /* RunClub.app */,
				D32AC88C2DABC4AC0062068B /* RunClubTests.xctest */,
				D32AC8962DABC4AC0062068B /* RunClubUITests.xctest */,
			);
			name = Products;
			sourceTree = "<group>";
		};
/* End PBXGroup section */

/* Begin PBXNativeTarget section */
		D32AC87E2DABC4AB0062068B /* RunClub */ = {
			isa = PBXNativeTarget;
			buildConfigurationList = D32AC8A02DABC4AC0062068B /* Build configuration list for PBXNativeTarget "RunClub" */;
			buildPhases = (
				D32AC87B2DABC4AB0062068B /* Sources */,
				D32AC87C2DABC4AB0062068B /* Frameworks */,
				D32AC87D2DABC4AB0062068B /* Resources */,
			);
			buildRules = (
			);
			dependencies = (
			);
			fileSystemSynchronizedGroups = (
				D32AC8812DABC4AB0062068B /* RunClub */,
			);
			name = RunClub;
			packageProductDependencies = (
				D32AC8BC2DAFDA7A0062068B /* Auth */,
				D32AC8BE2DAFDA7A0062068B /* Functions */,
				D32AC8C02DAFDA7A0062068B /* PostgREST */,
				D32AC8C22DAFDA7A0062068B /* Realtime */,
				D32AC8C42DAFDA7A0062068B /* Storage */,
				D32AC8C62DAFDA7A0062068B /* Supabase */,
			);
			productName = RunClub;
			productReference = D32AC87F2DABC4AB0062068B /* RunClub.app */;
			productType = "com.apple.product-type.application";
		};
		D32AC88B2DABC4AC0062068B /* RunClubTests */ = {
			isa = PBXNativeTarget;
			buildConfigurationList = D32AC8A32DABC4AC0062068B /* Build configuration list for PBXNativeTarget "RunClubTests" */;
			buildPhases = (
				D32AC8882DABC4AC0062068B /* Sources */,
				D32AC8892DABC4AC0062068B /* Frameworks */,
				D32AC88A2DABC4AC0062068B /* Resources */,
			);
			buildRules = (
			);
			dependencies = (
				D32AC88E2DABC4AC0062068B /* PBXTargetDependency */,
			);
			fileSystemSynchronizedGroups = (
				D32AC88F2DABC4AC0062068B /* RunClubTests */,
			);
			name = RunClubTests;
			packageProductDependencies = (
			);
			productName = RunClubTests;
			productReference = D32AC88C2DABC4AC0062068B /* RunClubTests.xctest */;
			productType = "com.apple.product-type.bundle.unit-test";
		};
		D32AC8952DABC4AC0062068B /* RunClubUITests */ = {
			isa = PBXNativeTarget;
			buildConfigurationList = D32AC8A62DABC4AC0062068B /* Build configuration list for PBXNativeTarget "RunClubUITests" */;
			buildPhases = (
				D32AC8922DABC4AC0062068B /* Sources */,
				D32AC8932DABC4AC0062068B /* Frameworks */,
				D32AC8942DABC4AC0062068B /* Resources */,
			);
			buildRules = (
			);
			dependencies = (
				D32AC8982DABC4AC0062068B /* PBXTargetDependency */,
			);
			fileSystemSynchronizedGroups = (
				D32AC8992DABC4AC0062068B /* RunClubUITests */,
			);
			name = RunClubUITests;
			packageProductDependencies = (
			);
			productName = RunClubUITests;
			productReference = D32AC8962DABC4AC0062068B /* RunClubUITests.xctest */;
			productType = "com.apple.product-type.bundle.ui-testing";
		};
/* End PBXNativeTarget section */

/* Begin PBXProject section */
		D32AC8772DABC4AB0062068B /* Project object */ = {
			isa = PBXProject;
			attributes = {
				BuildIndependentTargetsInParallel = 1;
				LastSwiftUpdateCheck = 1630;
				LastUpgradeCheck = 1630;
				TargetAttributes = {
					D32AC87E2DABC4AB0062068B = {
						CreatedOnToolsVersion = 16.3;
					};
					D32AC88B2DABC4AC0062068B = {
						CreatedOnToolsVersion = 16.3;
						TestTargetID = D32AC87E2DABC4AB0062068B;
					};
					D32AC8952DABC4AC0062068B = {
						CreatedOnToolsVersion = 16.3;
						TestTargetID = D32AC87E2DABC4AB0062068B;
					};
				};
			};
			buildConfigurationList = D32AC87A2DABC4AB0062068B /* Build configuration list for PBXProject "RunClub" */;
			developmentRegion = en;
			hasScannedForEncodings = 0;
			knownRegions = (
				en,
				Base,
			);
			mainGroup = D32AC8762DABC4AB0062068B;
			minimizedProjectReferenceProxies = 1;
			packageReferences = (
				D32AC8BB2DAFDA7A0062068B /* XCRemoteSwiftPackageReference "supabase-swift" */,
			);
			preferredProjectObjectVersion = 77;
			productRefGroup = D32AC8802DABC4AB0062068B /* Products */;
			projectDirPath = "";
			projectRoot = "";
			targets = (
				D32AC87E2DABC4AB0062068B /* RunClub */,
				D32AC88B2DABC4AC0062068B /* RunClubTests */,
				D32AC8952DABC4AC0062068B /* RunClubUITests */,
			);
		};
/* End PBXProject section */

/* Begin PBXResourcesBuildPhase section */
		D32AC87D2DABC4AB0062068B /* Resources */ = {
			isa = PBXResourcesBuildPhase;
			buildActionMask = 2147483647;
			files = (
			);
			runOnlyForDeploymentPostprocessing = 0;
		};
		D32AC88A2DABC4AC0062068B /* Resources */ = {
			isa = PBXResourcesBuildPhase;
			buildActionMask = 2147483647;
			files = (
			);
			runOnlyForDeploymentPostprocessing = 0;
		};
		D32AC8942DABC4AC0062068B /* Resources */ = {
			isa = PBXResourcesBuildPhase;
			buildActionMask = 2147483647;
			files = (
			);
			runOnlyForDeploymentPostprocessing = 0;
		};
/* End PBXResourcesBuildPhase section */

/* Begin PBXSourcesBuildPhase section */
		D32AC87B2DABC4AB0062068B /* Sources */ = {
			isa = PBXSourcesBuildPhase;
			buildActionMask = 2147483647;
			files = (
			);
			runOnlyForDeploymentPostprocessing = 0;
		};
		D32AC8882DABC4AC0062068B /* Sources */ = {
			isa = PBXSourcesBuildPhase;
			buildActionMask = 2147483647;
			files = (
			);
			runOnlyForDeploymentPostprocessing = 0;
		};
		D32AC8922DABC4AC0062068B /* Sources */ = {
			isa = PBXSourcesBuildPhase;
			buildActionMask = 2147483647;
			files = (
			);
			runOnlyForDeploymentPostprocessing = 0;
		};
/* End PBXSourcesBuildPhase section */

/* Begin PBXTargetDependency section */
		D32AC88E2DABC4AC0062068B /* PBXTargetDependency */ = {
			isa = PBXTargetDependency;
			target = D32AC87E2DABC4AB0062068B /* RunClub */;
			targetProxy = D32AC88D2DABC4AC0062068B /* PBXContainerItemProxy */;
		};
		D32AC8982DABC4AC0062068B /* PBXTargetDependency */ = {
			isa = PBXTargetDependency;
			target = D32AC87E2DABC4AB0062068B /* RunClub */;
			targetProxy = D32AC8972DABC4AC0062068B /* PBXContainerItemProxy */;
		};
/* End PBXTargetDependency section */

/* Begin XCBuildConfiguration section */
		D32AC89E2DABC4AC0062068B /* Debug */ = {
			isa = XCBuildConfiguration;
			buildSettings = {
				ALWAYS_SEARCH_USER_PATHS = NO;
				ASSETCATALOG_COMPILER_GENERATE_SWIFT_ASSET_SYMBOL_EXTENSIONS = YES;
				CLANG_ANALYZER_NONNULL = YES;
				CLANG_ANALYZER_NUMBER_OBJECT_CONVERSION = YES_AGGRESSIVE;
				CLANG_CXX_LANGUAGE_STANDARD = "gnu++20";
				CLANG_ENABLE_MODULES = YES;
				CLANG_ENABLE_OBJC_ARC = YES;
				CLANG_ENABLE_OBJC_WEAK = YES;
				CLANG_WARN_BLOCK_CAPTURE_AUTORELEASING = YES;
				CLANG_WARN_BOOL_CONVERSION = YES;
				CLANG_WARN_COMMA = YES;
				CLANG_WARN_CONSTANT_CONVERSION = YES;
				CLANG_WARN_DEPRECATED_OBJC_IMPLEMENTATIONS = YES;
				CLANG_WARN_DIRECT_OBJC_ISA_USAGE = YES_ERROR;
				CLANG_WARN_DOCUMENTATION_COMMENTS = YES;
				CLANG_WARN_EMPTY_BODY = YES;
				CLANG_WARN_ENUM_CONVERSION = YES;
				CLANG_WARN_INFINITE_RECURSION = YES;
				CLANG_WARN_INT_CONVERSION = YES;
				CLANG_WARN_NON_LITERAL_NULL_CONVERSION = YES;
				CLANG_WARN_OBJC_IMPLICIT_RETAIN_SELF = YES;
				CLANG_WARN_OBJC_LITERAL_CONVERSION = YES;
				CLANG_WARN_OBJC_ROOT_CLASS = YES_ERROR;
				CLANG_WARN_QUOTED_INCLUDE_IN_FRAMEWORK_HEADER = YES;
				CLANG_WARN_RANGE_LOOP_ANALYSIS = YES;
				CLANG_WARN_STRICT_PROTOTYPES = YES;
				CLANG_WARN_SUSPICIOUS_MOVE = YES;
				CLANG_WARN_UNGUARDED_AVAILABILITY = YES_AGGRESSIVE;
				CLANG_WARN_UNREACHABLE_CODE = YES;
				CLANG_WARN__DUPLICATE_METHOD_MATCH = YES;
				COPY_PHASE_STRIP = NO;
				DEBUG_INFORMATION_FORMAT = dwarf;
				DEVELOPMENT_TEAM = K8FKWBYV9S;
				ENABLE_STRICT_OBJC_MSGSEND = YES;
				ENABLE_TESTABILITY = YES;
				ENABLE_USER_SCRIPT_SANDBOXING = YES;
				GCC_C_LANGUAGE_STANDARD = gnu17;
				GCC_DYNAMIC_NO_PIC = NO;
				GCC_NO_COMMON_BLOCKS = YES;
				GCC_OPTIMIZATION_LEVEL = 0;
				GCC_PREPROCESSOR_DEFINITIONS = (
					"DEBUG=1",
					"$(inherited)",
				);
				GCC_WARN_64_TO_32_BIT_CONVERSION = YES;
				GCC_WARN_ABOUT_RETURN_TYPE = YES_ERROR;
				GCC_WARN_UNDECLARED_SELECTOR = YES;
				GCC_WARN_UNINITIALIZED_AUTOS = YES_AGGRESSIVE;
				GCC_WARN_UNUSED_FUNCTION = YES;
				GCC_WARN_UNUSED_VARIABLE = YES;
				IPHONEOS_DEPLOYMENT_TARGET = 18.3.2;
				LOCALIZATION_PREFERS_STRING_CATALOGS = YES;
				MTL_ENABLE_DEBUG_INFO = INCLUDE_SOURCE;
				MTL_FAST_MATH = YES;
				ONLY_ACTIVE_ARCH = YES;
				SDKROOT = iphoneos;
				SWIFT_ACTIVE_COMPILATION_CONDITIONS = "DEBUG $(inherited)";
				SWIFT_OPTIMIZATION_LEVEL = "-Onone";
			};
			name = Debug;
		};
		D32AC89F2DABC4AC0062068B /* Release */ = {
			isa = XCBuildConfiguration;
			buildSettings = {
				ALWAYS_SEARCH_USER_PATHS = NO;
				ASSETCATALOG_COMPILER_GENERATE_SWIFT_ASSET_SYMBOL_EXTENSIONS = YES;
				CLANG_ANALYZER_NONNULL = YES;
				CLANG_ANALYZER_NUMBER_OBJECT_CONVERSION = YES_AGGRESSIVE;
				CLANG_CXX_LANGUAGE_STANDARD = "gnu++20";
				CLANG_ENABLE_MODULES = YES;
				CLANG_ENABLE_OBJC_ARC = YES;
				CLANG_ENABLE_OBJC_WEAK = YES;
				CLANG_WARN_BLOCK_CAPTURE_AUTORELEASING = YES;
				CLANG_WARN_BOOL_CONVERSION = YES;
				CLANG_WARN_COMMA = YES;
				CLANG_WARN_CONSTANT_CONVERSION = YES;
				CLANG_WARN_DEPRECATED_OBJC_IMPLEMENTATIONS = YES;
				CLANG_WARN_DIRECT_OBJC_ISA_USAGE = YES_ERROR;
				CLANG_WARN_DOCUMENTATION_COMMENTS = YES;
				CLANG_WARN_EMPTY_BODY = YES;
				CLANG_WARN_ENUM_CONVERSION = YES;
				CLANG_WARN_INFINITE_RECURSION = YES;
				CLANG_WARN_INT_CONVERSION = YES;
				CLANG_WARN_NON_LITERAL_NULL_CONVERSION = YES;
				CLANG_WARN_OBJC_IMPLICIT_RETAIN_SELF = YES;
				CLANG_WARN_OBJC_LITERAL_CONVERSION = YES;
				CLANG_WARN_OBJC_ROOT_CLASS = YES_ERROR;
				CLANG_WARN_QUOTED_INCLUDE_IN_FRAMEWORK_HEADER = YES;
				CLANG_WARN_RANGE_LOOP_ANALYSIS = YES;
				CLANG_WARN_STRICT_PROTOTYPES = YES;
				CLANG_WARN_SUSPICIOUS_MOVE = YES;
				CLANG_WARN_UNGUARDED_AVAILABILITY = YES_AGGRESSIVE;
				CLANG_WARN_UNREACHABLE_CODE = YES;
				CLANG_WARN__DUPLICATE_METHOD_MATCH = YES;
				COPY_PHASE_STRIP = NO;
				DEBUG_INFORMATION_FORMAT = "dwarf-with-dsym";
				DEVELOPMENT_TEAM = K8FKWBYV9S;
				ENABLE_NS_ASSERTIONS = NO;
				ENABLE_STRICT_OBJC_MSGSEND = YES;
				ENABLE_USER_SCRIPT_SANDBOXING = YES;
				GCC_C_LANGUAGE_STANDARD = gnu17;
				GCC_NO_COMMON_BLOCKS = YES;
				GCC_WARN_64_TO_32_BIT_CONVERSION = YES;
				GCC_WARN_ABOUT_RETURN_TYPE = YES_ERROR;
				GCC_WARN_UNDECLARED_SELECTOR = YES;
				GCC_WARN_UNINITIALIZED_AUTOS = YES_AGGRESSIVE;
				GCC_WARN_UNUSED_FUNCTION = YES;
				GCC_WARN_UNUSED_VARIABLE = YES;
				IPHONEOS_DEPLOYMENT_TARGET = 18.3.2;
				LOCALIZATION_PREFERS_STRING_CATALOGS = YES;
				MTL_ENABLE_DEBUG_INFO = NO;
				MTL_FAST_MATH = YES;
				SDKROOT = iphoneos;
				SWIFT_COMPILATION_MODE = wholemodule;
				VALIDATE_PRODUCT = YES;
			};
			name = Release;
		};
		D32AC8A12DABC4AC0062068B /* Debug */ = {
			isa = XCBuildConfiguration;
			buildSettings = {
				ASSETCATALOG_COMPILER_APPICON_NAME = AppIcon;
				ASSETCATALOG_COMPILER_GLOBAL_ACCENT_COLOR_NAME = AccentColor;
				CODE_SIGN_ENTITLEMENTS = RunClub/RunClub.entitlements;
				CODE_SIGN_STYLE = Automatic;
				CURRENT_PROJECT_VERSION = 1;
				DEVELOPMENT_TEAM = K8FKWBYV9S;
				ENABLE_PREVIEWS = YES;
				GENERATE_INFOPLIST_FILE = YES;
				INFOPLIST_FILE = RunClub/Info.plist;
				INFOPLIST_KEY_NSHealthShareUsageDescription = "Please allow access to enjoy our app";
				INFOPLIST_KEY_NSHealthUpdateUsageDescription = "Please allow access to enjoy our app";
				INFOPLIST_KEY_NSLocationAlwaysAndWhenInUseUsageDescription = "Please allow access to enjoy our app";
				INFOPLIST_KEY_NSLocationWhenInUseUsageDescription = "Please allow access to enjoy our app";
				INFOPLIST_KEY_UIApplicationSceneManifest_Generation = YES;
				INFOPLIST_KEY_UIApplicationSupportsIndirectInputEvents = YES;
				INFOPLIST_KEY_UILaunchScreen_Generation = YES;
				INFOPLIST_KEY_UISupportedInterfaceOrientations_iPad = "UIInterfaceOrientationPortrait UIInterfaceOrientationPortraitUpsideDown UIInterfaceOrientationLandscapeLeft UIInterfaceOrientationLandscapeRight";
				INFOPLIST_KEY_UISupportedInterfaceOrientations_iPhone = "UIInterfaceOrientationPortrait UIInterfaceOrientationLandscapeLeft UIInterfaceOrientationLandscapeRight";
				LD_RUNPATH_SEARCH_PATHS = (
					"$(inherited)",
					"@executable_path/Frameworks",
				);
				MARKETING_VERSION = 1.0;
				PRODUCT_BUNDLE_IDENTIFIER = frederick.RunClub;
				PRODUCT_NAME = "$(TARGET_NAME)";
				SWIFT_EMIT_LOC_STRINGS = YES;
				SWIFT_VERSION = 5.0;
				TARGETED_DEVICE_FAMILY = "1,2";
			};
			name = Debug;
		};
		D32AC8A22DABC4AC0062068B /* Release */ = {
			isa = XCBuildConfiguration;
			buildSettings = {
				ASSETCATALOG_COMPILER_APPICON_NAME = AppIcon;
				ASSETCATALOG_COMPILER_GLOBAL_ACCENT_COLOR_NAME = AccentColor;
				CODE_SIGN_ENTITLEMENTS = RunClub/RunClub.entitlements;
				CODE_SIGN_STYLE = Automatic;
				CURRENT_PROJECT_VERSION = 1;
				DEVELOPMENT_TEAM = K8FKWBYV9S;
				ENABLE_PREVIEWS = YES;
				GENERATE_INFOPLIST_FILE = YES;
				INFOPLIST_FILE = RunClub/Info.plist;
				INFOPLIST_KEY_NSHealthShareUsageDescription = "Please allow access to enjoy our app";
				INFOPLIST_KEY_NSHealthUpdateUsageDescription = "Please allow access to enjoy our app";
				INFOPLIST_KEY_NSLocationAlwaysAndWhenInUseUsageDescription = "Please allow access to enjoy our app";
				INFOPLIST_KEY_NSLocationWhenInUseUsageDescription = "Please allow access to enjoy our app";
				INFOPLIST_KEY_UIApplicationSceneManifest_Generation = YES;
				INFOPLIST_KEY_UIApplicationSupportsIndirectInputEvents = YES;
				INFOPLIST_KEY_UILaunchScreen_Generation = YES;
				INFOPLIST_KEY_UISupportedInterfaceOrientations_iPad = "UIInterfaceOrientationPortrait UIInterfaceOrientationPortraitUpsideDown UIInterfaceOrientationLandscapeLeft UIInterfaceOrientationLandscapeRight";
				INFOPLIST_KEY_UISupportedInterfaceOrientations_iPhone = "UIInterfaceOrientationPortrait UIInterfaceOrientationLandscapeLeft UIInterfaceOrientationLandscapeRight";
				LD_RUNPATH_SEARCH_PATHS = (
					"$(inherited)",
					"@executable_path/Frameworks",
				);
				MARKETING_VERSION = 1.0;
				PRODUCT_BUNDLE_IDENTIFIER = frederick.RunClub;
				PRODUCT_NAME = "$(TARGET_NAME)";
				SWIFT_EMIT_LOC_STRINGS = YES;
				SWIFT_VERSION = 5.0;
				TARGETED_DEVICE_FAMILY = "1,2";
			};
			name = Release;
		};
		D32AC8A42DABC4AC0062068B /* Debug */ = {
			isa = XCBuildConfiguration;
			buildSettings = {
				BUNDLE_LOADER = "$(TEST_HOST)";
				CODE_SIGN_STYLE = Automatic;
				CURRENT_PROJECT_VERSION = 1;
				DEVELOPMENT_TEAM = K8FKWBYV9S;
				GENERATE_INFOPLIST_FILE = YES;
				IPHONEOS_DEPLOYMENT_TARGET = 18.4;
				MARKETING_VERSION = 1.0;
				PRODUCT_BUNDLE_IDENTIFIER = frederick.RunClubTests;
				PRODUCT_NAME = "$(TARGET_NAME)";
				SWIFT_EMIT_LOC_STRINGS = NO;
				SWIFT_VERSION = 5.0;
				TARGETED_DEVICE_FAMILY = "1,2";
				TEST_HOST = "$(BUILT_PRODUCTS_DIR)/RunClub.app/$(BUNDLE_EXECUTABLE_FOLDER_PATH)/RunClub";
			};
			name = Debug;
		};
		D32AC8A52DABC4AC0062068B /* Release */ = {
			isa = XCBuildConfiguration;
			buildSettings = {
				BUNDLE_LOADER = "$(TEST_HOST)";
				CODE_SIGN_STYLE = Automatic;
				CURRENT_PROJECT_VERSION = 1;
				DEVELOPMENT_TEAM = K8FKWBYV9S;
				GENERATE_INFOPLIST_FILE = YES;
				IPHONEOS_DEPLOYMENT_TARGET = 18.4;
				MARKETING_VERSION = 1.0;
				PRODUCT_BUNDLE_IDENTIFIER = frederick.RunClubTests;
				PRODUCT_NAME = "$(TARGET_NAME)";
				SWIFT_EMIT_LOC_STRINGS = NO;
				SWIFT_VERSION = 5.0;
				TARGETED_DEVICE_FAMILY = "1,2";
				TEST_HOST = "$(BUILT_PRODUCTS_DIR)/RunClub.app/$(BUNDLE_EXECUTABLE_FOLDER_PATH)/RunClub";
			};
			name = Release;
		};
		D32AC8A72DABC4AC0062068B /* Debug */ = {
			isa = XCBuildConfiguration;
			buildSettings = {
				CODE_SIGN_STYLE = Automatic;
				CURRENT_PROJECT_VERSION = 1;
				DEVELOPMENT_TEAM = K8FKWBYV9S;
				GENERATE_INFOPLIST_FILE = YES;
				MARKETING_VERSION = 1.0;
				PRODUCT_BUNDLE_IDENTIFIER = frederick.RunClubUITests;
				PRODUCT_NAME = "$(TARGET_NAME)";
				SWIFT_EMIT_LOC_STRINGS = NO;
				SWIFT_VERSION = 5.0;
				TARGETED_DEVICE_FAMILY = "1,2";
				TEST_TARGET_NAME = RunClub;
			};
			name = Debug;
		};
		D32AC8A82DABC4AC0062068B /* Release */ = {
			isa = XCBuildConfiguration;
			buildSettings = {
				CODE_SIGN_STYLE = Automatic;
				CURRENT_PROJECT_VERSION = 1;
				DEVELOPMENT_TEAM = K8FKWBYV9S;
				GENERATE_INFOPLIST_FILE = YES;
				MARKETING_VERSION = 1.0;
				PRODUCT_BUNDLE_IDENTIFIER = frederick.RunClubUITests;
				PRODUCT_NAME = "$(TARGET_NAME)";
				SWIFT_EMIT_LOC_STRINGS = NO;
				SWIFT_VERSION = 5.0;
				TARGETED_DEVICE_FAMILY = "1,2";
				TEST_TARGET_NAME = RunClub;
			};
			name = Release;
		};
/* End XCBuildConfiguration section */

/* Begin XCConfigurationList section */
		D32AC87A2DABC4AB0062068B /* Build configuration list for PBXProject "RunClub" */ = {
			isa = XCConfigurationList;
			buildConfigurations = (
				D32AC89E2DABC4AC0062068B /* Debug */,
				D32AC89F2DABC4AC0062068B /* Release */,
			);
			defaultConfigurationIsVisible = 0;
			defaultConfigurationName = Release;
		};
		D32AC8A02DABC4AC0062068B /* Build configuration list for PBXNativeTarget "RunClub" */ = {
			isa = XCConfigurationList;
			buildConfigurations = (
				D32AC8A12DABC4AC0062068B /* Debug */,
				D32AC8A22DABC4AC0062068B /* Release */,
			);
			defaultConfigurationIsVisible = 0;
			defaultConfigurationName = Release;
		};
		D32AC8A32DABC4AC0062068B /* Build configuration list for PBXNativeTarget "RunClubTests" */ = {
			isa = XCConfigurationList;
			buildConfigurations = (
				D32AC8A42DABC4AC0062068B /* Debug */,
				D32AC8A52DABC4AC0062068B /* Release */,
			);
			defaultConfigurationIsVisible = 0;
			defaultConfigurationName = Release;
		};
		D32AC8A62DABC4AC0062068B /* Build configuration list for PBXNativeTarget "RunClubUITests" */ = {
			isa = XCConfigurationList;
			buildConfigurations = (
				D32AC8A72DABC4AC0062068B /* Debug */,
				D32AC8A82DABC4AC0062068B /* Release */,
			);
			defaultConfigurationIsVisible = 0;
			defaultConfigurationName = Release;
		};
/* End XCConfigurationList section */

/* Begin XCRemoteSwiftPackageReference section */
		D32AC8BB2DAFDA7A0062068B /* XCRemoteSwiftPackageReference "supabase-swift" */ = {
			isa = XCRemoteSwiftPackageReference;
			repositoryURL = "https://github.com/supabase/supabase-swift.git";
			requirement = {
				kind = upToNextMajorVersion;
				minimumVersion = 2.5.1;
			};
		};
/* End XCRemoteSwiftPackageReference section */

/* Begin XCSwiftPackageProductDependency section */
		D32AC8BC2DAFDA7A0062068B /* Auth */ = {
			isa = XCSwiftPackageProductDependency;
			package = D32AC8BB2DAFDA7A0062068B /* XCRemoteSwiftPackageReference "supabase-swift" */;
			productName = Auth;
		};
		D32AC8BE2DAFDA7A0062068B /* Functions */ = {
			isa = XCSwiftPackageProductDependency;
			package = D32AC8BB2DAFDA7A0062068B /* XCRemoteSwiftPackageReference "supabase-swift" */;
			productName = Functions;
		};
		D32AC8C02DAFDA7A0062068B /* PostgREST */ = {
			isa = XCSwiftPackageProductDependency;
			package = D32AC8BB2DAFDA7A0062068B /* XCRemoteSwiftPackageReference "supabase-swift" */;
			productName = PostgREST;
		};
		D32AC8C22DAFDA7A0062068B /* Realtime */ = {
			isa = XCSwiftPackageProductDependency;
			package = D32AC8BB2DAFDA7A0062068B /* XCRemoteSwiftPackageReference "supabase-swift" */;
			productName = Realtime;
		};
		D32AC8C42DAFDA7A0062068B /* Storage */ = {
			isa = XCSwiftPackageProductDependency;
			package = D32AC8BB2DAFDA7A0062068B /* XCRemoteSwiftPackageReference "supabase-swift" */;
			productName = Storage;
		};
		D32AC8C62DAFDA7A0062068B /* Supabase */ = {
			isa = XCSwiftPackageProductDependency;
			package = D32AC8BB2DAFDA7A0062068B /* XCRemoteSwiftPackageReference "supabase-swift" */;
			productName = Supabase;
		};
/* End XCSwiftPackageProductDependency section */
	};
	rootObject = D32AC8772DABC4AB0062068B /* Project object */;
}
